// !$*UTF8*$!
{
	archiveVersion = 1;
	classes = {
	};
	objectVersion = 50;
	objects = {

/* Begin PBXBuildFile section */
		B864BA5E209A461200115E84 /* main.m in Sources */ = {isa = PBXBuildFile; fileRef = B864BA5D209A461200115E84 /* main.m */; };
		B864BA66209A462000115E84 /* NSURLSession+Ranged.m in Sources */ = {isa = PBXBuildFile; fileRef = B864BA65209A462000115E84 /* NSURLSession+Ranged.m */; };
		B864BA6B209A73D900115E84 /* Categories.m in Sources */ = {isa = PBXBuildFile; fileRef = B864BA6A209A73D900115E84 /* Categories.m */; };
		B864BA6E209A78A000115E84 /* FileWriter.m in Sources */ = {isa = PBXBuildFile; fileRef = B864BA6D209A78A000115E84 /* FileWriter.m */; };
/* End PBXBuildFile section */

/* Begin PBXCopyFilesBuildPhase section */
		B864BA58209A461200115E84 /* CopyFiles */ = {
			isa = PBXCopyFilesBuildPhase;
			buildActionMask = 2147483647;
			dstPath = /usr/share/man/man1/;
			dstSubfolderSpec = 0;
			files = (
			);
			runOnlyForDeploymentPostprocessing = 1;
		};
/* End PBXCopyFilesBuildPhase section */

/* Begin PBXFileReference section */
		B864BA5A209A461200115E84 /* Chunky */ = {isa = PBXFileReference; explicitFileType = "compiled.mach-o.executable"; includeInIndex = 0; path = Chunky; sourceTree = BUILT_PRODUCTS_DIR; };
		B864BA5D209A461200115E84 /* main.m */ = {isa = PBXFileReference; lastKnownFileType = sourcecode.c.objc; path = main.m; sourceTree = "<group>"; };
		B864BA64209A462000115E84 /* NSURLSession+Ranged.h */ = {isa = PBXFileReference; lastKnownFileType = sourcecode.c.h; path = "NSURLSession+Ranged.h"; sourceTree = "<group>"; };
		B864BA65209A462000115E84 /* NSURLSession+Ranged.m */ = {isa = PBXFileReference; lastKnownFileType = sourcecode.c.objc; path = "NSURLSession+Ranged.m"; sourceTree = "<group>"; };
		B864BA6A209A73D900115E84 /* Categories.m */ = {isa = PBXFileReference; lastKnownFileType = sourcecode.c.objc; path = Categories.m; sourceTree = "<group>"; };
		B864BA6C209A78A000115E84 /* FileWriter.h */ = {isa = PBXFileReference; lastKnownFileType = sourcecode.c.h; path = FileWriter.h; sourceTree = "<group>"; };
		B864BA6D209A78A000115E84 /* FileWriter.m */ = {isa = PBXFileReference; lastKnownFileType = sourcecode.c.objc; path = FileWriter.m; sourceTree = "<group>"; };
		B864BA6F209A7A0000115E84 /* Categories.h */ = {isa = PBXFileReference; lastKnownFileType = sourcecode.c.h; path = Categories.h; sourceTree = "<group>"; };
/* End PBXFileReference section */

/* Begin PBXFrameworksBuildPhase section */
		B864BA57209A461200115E84 /* Frameworks */ = {
			isa = PBXFrameworksBuildPhase;
			buildActionMask = 2147483647;
			files = (
			);
			runOnlyForDeploymentPostprocessing = 0;
		};
/* End PBXFrameworksBuildPhase section */

/* Begin PBXGroup section */
		B864BA51209A461200115E84 = {
			isa = PBXGroup;
			children = (
				B864BA5C209A461200115E84 /* Chunky */,
				B864BA5B209A461200115E84 /* Products */,
			);
			sourceTree = "<group>";
		};
		B864BA5B209A461200115E84 /* Products */ = {
			isa = PBXGroup;
			children = (
				B864BA5A209A461200115E84 /* Chunky */,
			);
			name = Products;
			sourceTree = "<group>";
		};
		B864BA5C209A461200115E84 /* Chunky */ = {
			isa = PBXGroup;
			children = (
				B864BA5D209A461200115E84 /* main.m */,
				B864BA64209A462000115E84 /* NSURLSession+Ranged.h */,
				B864BA65209A462000115E84 /* NSURLSession+Ranged.m */,
				B864BA6F209A7A0000115E84 /* Categories.h */,
				B864BA6A209A73D900115E84 /* Categories.m */,
				B864BA6C209A78A000115E84 /* FileWriter.h */,
				B864BA6D209A78A000115E84 /* FileWriter.m */,
			);
			path = Chunky;
			sourceTree = "<group>";
		};
/* End PBXGroup section */

/* Begin PBXNativeTarget section */
		B864BA59209A461200115E84 /* Chunky */ = {
			isa = PBXNativeTarget;
			buildConfigurationList = B864BA61209A461200115E84 /* Build configuration list for PBXNativeTarget "Chunky" */;
			buildPhases = (
				B864BA56209A461200115E84 /* Sources */,
				B864BA57209A461200115E84 /* Frameworks */,
				B864BA58209A461200115E84 /* CopyFiles */,
			);
			buildRules = (
			);
			dependencies = (
			);
			name = Chunky;
			productName = Carnegie;
			productReference = B864BA5A209A461200115E84 /* Chunky */;
			productType = "com.apple.product-type.tool";
		};
/* End PBXNativeTarget section */

/* Begin PBXProject section */
		B864BA52209A461200115E84 /* Project object */ = {
			isa = PBXProject;
			attributes = {
				LastUpgradeCheck = 0930;
				ORGANIZATIONNAME = "Andy Bennett";
				TargetAttributes = {
					B864BA59209A461200115E84 = {
						CreatedOnToolsVersion = 9.3;
					};
				};
			};
			buildConfigurationList = B864BA55209A461200115E84 /* Build configuration list for PBXProject "Chunky" */;
			compatibilityVersion = "Xcode 9.3";
			developmentRegion = en;
			hasScannedForEncodings = 0;
			knownRegions = (
				en,
			);
			mainGroup = B864BA51209A461200115E84;
			productRefGroup = B864BA5B209A461200115E84 /* Products */;
			projectDirPath = "";
			projectRoot = "";
			targets = (
				B864BA59209A461200115E84 /* Chunky */,
			);
		};
/* End PBXProject section */

/* Begin PBXSourcesBuildPhase section */
		B864BA56209A461200115E84 /* Sources */ = {
			isa = PBXSourcesBuildPhase;
			buildActionMask = 2147483647;
			files = (
				B864BA5E209A461200115E84 /* main.m in Sources */,
				B864BA6E209A78A000115E84 /* FileWriter.m in Sources */,
				B864BA6B209A73D900115E84 /* Categories.m in Sources */,
				B864BA66209A462000115E84 /* NSURLSession+Ranged.m in Sources */,
			);
			runOnlyForDeploymentPostprocessing = 0;
		};
/* End PBXSourcesBuildPhase section */

/* Begin XCBuildConfiguration section */
		B864BA5F209A461200115E84 /* Debug */ = {
			isa = XCBuildConfiguration;
			buildSettings = {
				ALWAYS_SEARCH_USER_PATHS = NO;
				CLANG_ANALYZER_NONNULL = YES;
				CLANG_ANALYZER_NUMBER_OBJECT_CONVERSION = YES_AGGRESSIVE;
				CLANG_CXX_LANGUAGE_STANDARD = "gnu++14";
				CLANG_CXX_LIBRARY = "libc++";
				CLANG_ENABLE_MODULES = YES;
				CLANG_ENABLE_OBJC_ARC = YES;
				CLANG_ENABLE_OBJC_WEAK = YES;
				CLANG_WARN_BLOCK_CAPTURE_AUTORELEASING = YES;
				CLANG_WARN_BOOL_CONVERSION = YES;
				CLANG_WARN_COMMA = YES;
				CLANG_WARN_CONSTANT_CONVERSION = YES;
				CLANG_WARN_DEPRECATED_OBJC_IMPLEMENTATIONS = YES;
				CLANG_WARN_DIRECT_OBJC_ISA_USAGE = YES_ERROR;
				CLANG_WARN_DOCUMENTATION_COMMENTS = YES;
				CLANG_WARN_EMPTY_BODY = YES;
				CLANG_WARN_ENUM_CONVERSION = YES;
				CLANG_WARN_INFINITE_RECURSION = YES;
				CLANG_WARN_INT_CONVERSION = YES;
				CLANG_WARN_NON_LITERAL_NULL_CONVERSION = YES;
				CLANG_WARN_OBJC_IMPLICIT_RETAIN_SELF = YES;
				CLANG_WARN_OBJC_LITERAL_CONVERSION = YES;
				CLANG_WARN_OBJC_ROOT_CLASS = YES_ERROR;
				CLANG_WARN_RANGE_LOOP_ANALYSIS = YES;
				CLANG_WARN_STRICT_PROTOTYPES = YES;
				CLANG_WARN_SUSPICIOUS_MOVE = YES;
				CLANG_WARN_UNGUARDED_AVAILABILITY = YES_AGGRESSIVE;
				CLANG_WARN_UNREACHABLE_CODE = YES;
				CLANG_WARN__DUPLICATE_METHOD_MATCH = YES;
				CODE_SIGN_IDENTITY = "Mac Developer";
				COPY_PHASE_STRIP = NO;
				DEBUG_INFORMATION_FORMAT = dwarf;
				ENABLE_STRICT_OBJC_MSGSEND = YES;
				ENABLE_TESTABILITY = YES;
				GCC_C_LANGUAGE_STANDARD = gnu11;
				GCC_DYNAMIC_NO_PIC = NO;
				GCC_NO_COMMON_BLOCKS = YES;
				GCC_OPTIMIZATION_LEVEL = 0;
				GCC_PREPROCESSOR_DEFINITIONS = (
					"DEBUG=1",
					"$(inherited)",
				);
				GCC_WARN_64_TO_32_BIT_CONVERSION = YES;
				GCC_WARN_ABOUT_RETURN_TYPE = YES_ERROR;
				GCC_WARN_UNDECLARED_SELECTOR = YES;
				GCC_WARN_UNINITIALIZED_AUTOS = YES_AGGRESSIVE;
				GCC_WARN_UNUSED_FUNCTION = YES;
				GCC_WARN_UNUSED_VARIABLE = YES;
				MACOSX_DEPLOYMENT_TARGET = 10.13;
				MTL_ENABLE_DEBUG_INFO = YES;
				ONLY_ACTIVE_ARCH = YES;
				SDKROOT = macosx;
			};
			name = Debug;
		};
		B864BA60209A461200115E84 /* Release */ = {
			isa = XCBuildConfiguration;
			buildSettings = {
				ALWAYS_SEARCH_USER_PATHS = NO;
				CLANG_ANALYZER_NONNULL = YES;
				CLANG_ANALYZER_NUMBER_OBJECT_CONVERSION = YES_AGGRESSIVE;
				CLANG_CXX_LANGUAGE_STANDARD = "gnu++14";
				CLANG_CXX_LIBRARY = "libc++";
				CLANG_ENABLE_MODULES = YES;
				CLANG_ENABLE_OBJC_ARC = YES;
				CLANG_ENABLE_OBJC_WEAK = YES;
				CLANG_WARN_BLOCK_CAPTURE_AUTORELEASING = YES;
				CLANG_WARN_BOOL_CONVERSION = YES;
				CLANG_WARN_COMMA = YES;
				CLANG_WARN_CONSTANT_CONVERSION = YES;
				CLANG_WARN_DEPRECATED_OBJC_IMPLEMENTATIONS = YES;
				CLANG_WARN_DIRECT_OBJC_ISA_USAGE = YES_ERROR;
				CLANG_WARN_DOCUMENTATION_COMMENTS = YES;
				CLANG_WARN_EMPTY_BODY = YES;
				CLANG_WARN_ENUM_CONVERSION = YES;
				CLANG_WARN_INFINITE_RECURSION = YES;
				CLANG_WARN_INT_CONVERSION = YES;
				CLANG_WARN_NON_LITERAL_NULL_CONVERSION = YES;
				CLANG_WARN_OBJC_IMPLICIT_RETAIN_SELF = YES;
				CLANG_WARN_OBJC_LITERAL_CONVERSION = YES;
				CLANG_WARN_OBJC_ROOT_CLASS = YES_ERROR;
				CLANG_WARN_RANGE_LOOP_ANALYSIS = YES;
				CLANG_WARN_STRICT_PROTOTYPES = YES;
				CLANG_WARN_SUSPICIOUS_MOVE = YES;
				CLANG_WARN_UNGUARDED_AVAILABILITY = YES_AGGRESSIVE;
				CLANG_WARN_UNREACHABLE_CODE = YES;
				CLANG_WARN__DUPLICATE_METHOD_MATCH = YES;
				CODE_SIGN_IDENTITY = "Mac Developer";
				COPY_PHASE_STRIP = NO;
				DEBUG_INFORMATION_FORMAT = "dwarf-with-dsym";
				ENABLE_NS_ASSERTIONS = NO;
				ENABLE_STRICT_OBJC_MSGSEND = YES;
				GCC_C_LANGUAGE_STANDARD = gnu11;
				GCC_NO_COMMON_BLOCKS = YES;
				GCC_WARN_64_TO_32_BIT_CONVERSION = YES;
				GCC_WARN_ABOUT_RETURN_TYPE = YES_ERROR;
				GCC_WARN_UNDECLARED_SELECTOR = YES;
				GCC_WARN_UNINITIALIZED_AUTOS = YES_AGGRESSIVE;
				GCC_WARN_UNUSED_FUNCTION = YES;
				GCC_WARN_UNUSED_VARIABLE = YES;
				MACOSX_DEPLOYMENT_TARGET = 10.13;
				MTL_ENABLE_DEBUG_INFO = NO;
				SDKROOT = macosx;
			};
			name = Release;
		};
		B864BA62209A461200115E84 /* Debug */ = {
			isa = XCBuildConfiguration;
			buildSettings = {
				CODE_SIGN_STYLE = Automatic;
				DEVELOPMENT_TEAM = H2DFH5LQ2Z;
				PRODUCT_NAME = "$(TARGET_NAME)";
			};
			name = Debug;
		};
		B864BA63209A461200115E84 /* Release */ = {
			isa = XCBuildConfiguration;
			buildSettings = {
				CODE_SIGN_STYLE = Automatic;
				DEVELOPMENT_TEAM = H2DFH5LQ2Z;
				PRODUCT_NAME = "$(TARGET_NAME)";
			};
			name = Release;
		};
/* End XCBuildConfiguration section */

/* Begin XCConfigurationList section */
		B864BA55209A461200115E84 /* Build configuration list for PBXProject "Chunky" */ = {
			isa = XCConfigurationList;
			buildConfigurations = (
				B864BA5F209A461200115E84 /* Debug */,
				B864BA60209A461200115E84 /* Release */,
			);
			defaultConfigurationIsVisible = 0;
			defaultConfigurationName = Release;
		};
		B864BA61209A461200115E84 /* Build configuration list for PBXNativeTarget "Chunky" */ = {
			isa = XCConfigurationList;
			buildConfigurations = (
				B864BA62209A461200115E84 /* Debug */,
				B864BA63209A461200115E84 /* Release */,
			);
			defaultConfigurationIsVisible = 0;
			defaultConfigurationName = Release;
		};
/* End XCConfigurationList section */
	};
	rootObject = B864BA52209A461200115E84 /* Project object */;
}
